
Microsoft Visual Studio Solution File, Format Version 12.00
# Visual Studio Version 17
VisualStudioVersion = 17.10.34928.147
MinimumVisualStudioVersion = 10.0.40219.1
Project("{9A19103F-16F7-4668-BE54-9A1E7A4F7556}") = "StegoDFT Toolkit", "StegoDFT Toolkit.csproj", "{781F2BC3-A7C4-47A8-A004-8132AAA35038}"
EndProject
Global
	GlobalSection(SolutionConfigurationPlatforms) = preSolution
		Debug|Any CPU = Debug|Any CPU
		Release|Any CPU = Release|Any CPU
	EndGlobalSection
	GlobalSection(ProjectConfigurationPlatforms) = postSolution
		{781F2BC3-A7C4-47A8-A004-8132AAA35038}.Debug|Any CPU.ActiveCfg = Debug|Any CPU
		{781F2BC3-A7C4-47A8-A004-8132AAA35038}.Debug|Any CPU.Build.0 = Debug|Any CPU
		{781F2BC3-A7C4-47A8-A004-8132AAA35038}.Release|Any CPU.ActiveCfg = Release|Any CPU
		{781F2BC3-A7C4-47A8-A004-8132AAA35038}.Release|Any CPU.Build.0 = Release|Any CPU
	EndGlobalSection
	GlobalSection(SolutionProperties) = preSolution
		HideSolutionNode = FALSE
	EndGlobalSection
	GlobalSection(ExtensibilityGlobals) = postSolution
		SolutionGuid = {D2F6079C-2903-47B3-8FA8-6343361CDCB4}
	EndGlobalSection
EndGlobal
